
Microsoft Visual Studio Solution File, Format Version 12.00
# Visual Studio Version 16
VisualStudioVersion = 16.0.29806.167
MinimumVisualStudioVersion = 10.0.40219.1
Project("{9A19103F-16F7-4668-BE54-9A1E7A4F7556}") = "Order.DataAccess", "DataAccess\Order.DataAccess.csproj", "{DED3F27B-1426-4FEF-9AE8-8CB6001042A2}"
EndProject
Project("{9A19103F-16F7-4668-BE54-9A1E7A4F7556}") = "Order.WPF", "Order\Order.WPF.csproj", "{003BD195-6A6B-46C1-8ACF-65090B945ED4}"
EndProject
Global
	GlobalSection(SolutionConfigurationPlatforms) = preSolution
		Debug|Any CPU = Debug|Any CPU
		Release|Any CPU = Release|Any CPU
	EndGlobalSection
	GlobalSection(ProjectConfigurationPlatforms) = postSolution
		{DED3F27B-1426-4FEF-9AE8-8CB6001042A2}.Debug|Any CPU.ActiveCfg = Debug|Any CPU
		{DED3F27B-1426-4FEF-9AE8-8CB6001042A2}.Debug|Any CPU.Build.0 = Debug|Any CPU
		{DED3F27B-1426-4FEF-9AE8-8CB6001042A2}.Release|Any CPU.ActiveCfg = Release|Any CPU
		{DED3F27B-1426-4FEF-9AE8-8CB6001042A2}.Release|Any CPU.Build.0 = Release|Any CPU
		{003BD195-6A6B-46C1-8ACF-65090B945ED4}.Debug|Any CPU.ActiveCfg = Debug|Any CPU
		{003BD195-6A6B-46C1-8ACF-65090B945ED4}.Debug|Any CPU.Build.0 = Debug|Any CPU
		{003BD195-6A6B-46C1-8ACF-65090B945ED4}.Release|Any CPU.ActiveCfg = Release|Any CPU
		{003BD195-6A6B-46C1-8ACF-65090B945ED4}.Release|Any CPU.Build.0 = Release|Any CPU
	EndGlobalSection
	GlobalSection(SolutionProperties) = preSolution
		HideSolutionNode = FALSE
	EndGlobalSection
	GlobalSection(ExtensibilityGlobals) = postSolution
		SolutionGuid = {A2454B74-A323-444B-8034-11A5272350A1}
	EndGlobalSection
EndGlobal
